<?xml version="1.0" encoding="UTF-8"?>
<CodeBlocks_project_file>
	<FileVersion major="1" minor="6"/>
	<Project>
		<Option title="testrepo"/>
		<Option makefile_is_custom="1"/>
		<Option compiler="gcc"/>
		<Option virtualFolders="CMake Files\;"/>
		<Build>
			<Target title="all">
				<Option working_dir="/home/accelshark/Documents/Git1/Test-Repo"/>
				<Option type="4"/>
				<MakeCommands>
					<Build command="/usr/bin/make -f &quot;/home/accelshark/Documents/Git1/Test-Repo/Makefile&quot;  VERBOSE=1 all"/>
					<CompileFile command="/usr/bin/make -f &quot;/home/accelshark/Documents/Git1/Test-Repo/Makefile&quot;  VERBOSE=1 &quot;$file&quot;"/>
					<Clean command="/usr/bin/make -f &quot;/home/accelshark/Documents/Git1/Test-Repo/Makefile&quot;  VERBOSE=1 clean"/>
					<DistClean command="/usr/bin/make -f &quot;/home/accelshark/Documents/Git1/Test-Repo/Makefile&quot;  VERBOSE=1 clean"/>
				</MakeCommands>
			</Target>
			<Target title="rebuild_cache">
				<Option working_dir="/home/accelshark/Documents/Git1/Test-Repo"/>
				<Option type="4"/>
				<MakeCommands>
					<Build command="/usr/bin/make -f &quot;/home/accelshark/Documents/Git1/Test-Repo/Makefile&quot;  VERBOSE=1 rebuild_cache"/>
					<CompileFile command="/usr/bin/make -f &quot;/home/accelshark/Documents/Git1/Test-Repo/Makefile&quot;  VERBOSE=1 &quot;$file&quot;"/>
					<Clean command="/usr/bin/make -f &quot;/home/accelshark/Documents/Git1/Test-Repo/Makefile&quot;  VERBOSE=1 clean"/>
					<DistClean command="/usr/bin/make -f &quot;/home/accelshark/Documents/Git1/Test-Repo/Makefile&quot;  VERBOSE=1 clean"/>
				</MakeCommands>
			</Target>
			<Target title="edit_cache">
				<Option working_dir="/home/accelshark/Documents/Git1/Test-Repo"/>
				<Option type="4"/>
				<MakeCommands>
					<Build command="/usr/bin/make -f &quot;/home/accelshark/Documents/Git1/Test-Repo/Makefile&quot;  VERBOSE=1 edit_cache"/>
					<CompileFile command="/usr/bin/make -f &quot;/home/accelshark/Documents/Git1/Test-Repo/Makefile&quot;  VERBOSE=1 &quot;$file&quot;"/>
					<Clean command="/usr/bin/make -f &quot;/home/accelshark/Documents/Git1/Test-Repo/Makefile&quot;  VERBOSE=1 clean"/>
					<DistClean command="/usr/bin/make -f &quot;/home/accelshark/Documents/Git1/Test-Repo/Makefile&quot;  VERBOSE=1 clean"/>
				</MakeCommands>
			</Target>
			<Target title="testrepo">
				<Option output="/home/accelshark/Documents/Git1/Test-Repo/testrepo" prefix_auto="0" extension_auto="0"/>
				<Option working_dir="/home/accelshark/Documents/Git1/Test-Repo"/>
				<Option object_output="./"/>
				<Option type="1"/>
				<Option compiler="gcc"/>
				<Compiler/>
				<MakeCommands>
					<Build command="/usr/bin/make -f &quot;/home/accelshark/Documents/Git1/Test-Repo/Makefile&quot;  VERBOSE=1 testrepo"/>
					<CompileFile command="/usr/bin/make -f &quot;/home/accelshark/Documents/Git1/Test-Repo/Makefile&quot;  VERBOSE=1 &quot;$file&quot;"/>
					<Clean command="/usr/bin/make -f &quot;/home/accelshark/Documents/Git1/Test-Repo/Makefile&quot;  VERBOSE=1 clean"/>
					<DistClean command="/usr/bin/make -f &quot;/home/accelshark/Documents/Git1/Test-Repo/Makefile&quot;  VERBOSE=1 clean"/>
				</MakeCommands>
			</Target>
			<Target title="testrepo/fast">
				<Option output="/home/accelshark/Documents/Git1/Test-Repo/testrepo" prefix_auto="0" extension_auto="0"/>
				<Option working_dir="/home/accelshark/Documents/Git1/Test-Repo"/>
				<Option object_output="./"/>
				<Option type="1"/>
				<Option compiler="gcc"/>
				<Compiler/>
				<MakeCommands>
					<Build command="/usr/bin/make -f &quot;/home/accelshark/Documents/Git1/Test-Repo/Makefile&quot;  VERBOSE=1 testrepo/fast"/>
					<CompileFile command="/usr/bin/make -f &quot;/home/accelshark/Documents/Git1/Test-Repo/Makefile&quot;  VERBOSE=1 &quot;$file&quot;"/>
					<Clean command="/usr/bin/make -f &quot;/home/accelshark/Documents/Git1/Test-Repo/Makefile&quot;  VERBOSE=1 clean"/>
					<DistClean command="/usr/bin/make -f &quot;/home/accelshark/Documents/Git1/Test-Repo/Makefile&quot;  VERBOSE=1 clean"/>
				</MakeCommands>
			</Target>
		</Build>
		<Unit filename="/home/accelshark/Documents/Git1/Test-Repo/another.cpp">
			<Option target="testrepo"/>
		</Unit>
		<Unit filename="/home/accelshark/Documents/Git1/Test-Repo/another.hpp">
			<Option target="testrepo"/>
		</Unit>
		<Unit filename="/home/accelshark/Documents/Git1/Test-Repo/main.cpp">
			<Option target="testrepo"/>
		</Unit>
		<Unit filename="/home/accelshark/Documents/Git1/Test-Repo/test.cpp">
			<Option target="testrepo"/>
		</Unit>
		<Unit filename="/home/accelshark/Documents/Git1/Test-Repo/test.hpp">
			<Option target="testrepo"/>
		</Unit>
		<Unit filename="/home/accelshark/Documents/Git1/Test-Repo/CMakeLists.txt">
			<Option virtualFolder="CMake Files\"/>
		</Unit>
	</Project>
</CodeBlocks_project_file>
